
Microsoft Visual Studio Solution File, Format Version 12.00
# Visual Studio 2012
Project("{FAE04EC0-301F-11D3-BF4B-00C04F79EFBC}") = "OddOrEvenIntegers", "OddOrEvenIntegers\OddOrEvenIntegers.csproj", "{090A5760-1FE0-4497-BB06-B99571665554}"
EndProject
Project("{FAE04EC0-301F-11D3-BF4B-00C04F79EFBC}") = "GravitationOnTheMoon", "GravitationOnThe Moon\GravitationOnTheMoon.csproj", "{210B544C-F78F-400D-85BE-9965B57603AC}"
EndProject
Project("{FAE04EC0-301F-11D3-BF4B-00C04F79EFBC}") = "DivideBySevenAndFive", "DivideBy7And5\DivideBySevenAndFive.csproj", "{4BEA5C36-E26E-4316-A312-ED062BA012A6}"
EndProject
Project("{FAE04EC0-301F-11D3-BF4B-00C04F79EFBC}") = "Rectangles", "Rectangles\Rectangles.csproj", "{E3D3355C-A30C-40E1-ADCF-09918D310295}"
EndProject
Project("{FAE04EC0-301F-11D3-BF4B-00C04F79EFBC}") = "IsThirdDigitSeven", "IsThirdDigitSeven\IsThirdDigitSeven.csproj", "{298F9466-17B4-4ABF-A873-7339C37C6AB2}"
EndProject
Project("{FAE04EC0-301F-11D3-BF4B-00C04F79EFBC}") = "FourDigitNumber", "FourDigitNumber\FourDigitNumber.csproj", "{8F58D069-0A9E-4738-AB46-434975A20E0F}"
EndProject
Project("{FAE04EC0-301F-11D3-BF4B-00C04F79EFBC}") = "PointInACircle", "PointInACircle\PointInACircle.csproj", "{DD5E1FD3-3265-42FC-A958-8D8600F79FE3}"
EndProject
Project("{FAE04EC0-301F-11D3-BF4B-00C04F79EFBC}") = "PrimeNumberCheck", "PrimeNumberCheck\PrimeNumberCheck.csproj", "{3630A01C-2972-44FD-A940-657DC3E067F3}"
EndProject
Project("{FAE04EC0-301F-11D3-BF4B-00C04F79EFBC}") = "Trapezoids", "Trapezoids\Trapezoids.csproj", "{7EA9205C-C1F2-4FEF-B9D9-DEE783791D0F}"
EndProject
Global
	GlobalSection(SolutionConfigurationPlatforms) = preSolution
		Debug|Any CPU = Debug|Any CPU
		Release|Any CPU = Release|Any CPU
	EndGlobalSection
	GlobalSection(ProjectConfigurationPlatforms) = postSolution
		{090A5760-1FE0-4497-BB06-B99571665554}.Debug|Any CPU.ActiveCfg = Debug|Any CPU
		{090A5760-1FE0-4497-BB06-B99571665554}.Debug|Any CPU.Build.0 = Debug|Any CPU
		{090A5760-1FE0-4497-BB06-B99571665554}.Release|Any CPU.ActiveCfg = Release|Any CPU
		{090A5760-1FE0-4497-BB06-B99571665554}.Release|Any CPU.Build.0 = Release|Any CPU
		{210B544C-F78F-400D-85BE-9965B57603AC}.Debug|Any CPU.ActiveCfg = Debug|Any CPU
		{210B544C-F78F-400D-85BE-9965B57603AC}.Debug|Any CPU.Build.0 = Debug|Any CPU
		{210B544C-F78F-400D-85BE-9965B57603AC}.Release|Any CPU.ActiveCfg = Release|Any CPU
		{210B544C-F78F-400D-85BE-9965B57603AC}.Release|Any CPU.Build.0 = Release|Any CPU
		{4BEA5C36-E26E-4316-A312-ED062BA012A6}.Debug|Any CPU.ActiveCfg = Debug|Any CPU
		{4BEA5C36-E26E-4316-A312-ED062BA012A6}.Debug|Any CPU.Build.0 = Debug|Any CPU
		{4BEA5C36-E26E-4316-A312-ED062BA012A6}.Release|Any CPU.ActiveCfg = Release|Any CPU
		{4BEA5C36-E26E-4316-A312-ED062BA012A6}.Release|Any CPU.Build.0 = Release|Any CPU
		{E3D3355C-A30C-40E1-ADCF-09918D310295}.Debug|Any CPU.ActiveCfg = Debug|Any CPU
		{E3D3355C-A30C-40E1-ADCF-09918D310295}.Debug|Any CPU.Build.0 = Debug|Any CPU
		{E3D3355C-A30C-40E1-ADCF-09918D310295}.Release|Any CPU.ActiveCfg = Release|Any CPU
		{E3D3355C-A30C-40E1-ADCF-09918D310295}.Release|Any CPU.Build.0 = Release|Any CPU
		{298F9466-17B4-4ABF-A873-7339C37C6AB2}.Debug|Any CPU.ActiveCfg = Debug|Any CPU
		{298F9466-17B4-4ABF-A873-7339C37C6AB2}.Debug|Any CPU.Build.0 = Debug|Any CPU
		{298F9466-17B4-4ABF-A873-7339C37C6AB2}.Release|Any CPU.ActiveCfg = Release|Any CPU
		{298F9466-17B4-4ABF-A873-7339C37C6AB2}.Release|Any CPU.Build.0 = Release|Any CPU
		{8F58D069-0A9E-4738-AB46-434975A20E0F}.Debug|Any CPU.ActiveCfg = Debug|Any CPU
		{8F58D069-0A9E-4738-AB46-434975A20E0F}.Debug|Any CPU.Build.0 = Debug|Any CPU
		{8F58D069-0A9E-4738-AB46-434975A20E0F}.Release|Any CPU.ActiveCfg = Release|Any CPU
		{8F58D069-0A9E-4738-AB46-434975A20E0F}.Release|Any CPU.Build.0 = Release|Any CPU
		{DD5E1FD3-3265-42FC-A958-8D8600F79FE3}.Debug|Any CPU.ActiveCfg = Debug|Any CPU
		{DD5E1FD3-3265-42FC-A958-8D8600F79FE3}.Debug|Any CPU.Build.0 = Debug|Any CPU
		{DD5E1FD3-3265-42FC-A958-8D8600F79FE3}.Release|Any CPU.ActiveCfg = Release|Any CPU
		{DD5E1FD3-3265-42FC-A958-8D8600F79FE3}.Release|Any CPU.Build.0 = Release|Any CPU
		{3630A01C-2972-44FD-A940-657DC3E067F3}.Debug|Any CPU.ActiveCfg = Debug|Any CPU
		{3630A01C-2972-44FD-A940-657DC3E067F3}.Debug|Any CPU.Build.0 = Debug|Any CPU
		{3630A01C-2972-44FD-A940-657DC3E067F3}.Release|Any CPU.ActiveCfg = Release|Any CPU
		{3630A01C-2972-44FD-A940-657DC3E067F3}.Release|Any CPU.Build.0 = Release|Any CPU
		{7EA9205C-C1F2-4FEF-B9D9-DEE783791D0F}.Debug|Any CPU.ActiveCfg = Debug|Any CPU
		{7EA9205C-C1F2-4FEF-B9D9-DEE783791D0F}.Debug|Any CPU.Build.0 = Debug|Any CPU
		{7EA9205C-C1F2-4FEF-B9D9-DEE783791D0F}.Release|Any CPU.ActiveCfg = Release|Any CPU
		{7EA9205C-C1F2-4FEF-B9D9-DEE783791D0F}.Release|Any CPU.Build.0 = Release|Any CPU
	EndGlobalSection
	GlobalSection(SolutionProperties) = preSolution
		HideSolutionNode = FALSE
	EndGlobalSection
	GlobalSection(Performance) = preSolution
		HasPerformanceSessions = true
	EndGlobalSection
EndGlobal
